// !$*UTF8*$!
{
	archiveVersion = 1;
	classes = {
	};
	objectVersion = 56;
	objects = {

/* Begin PBXBuildFile section */
		05B4C0D12F908A100027BA91 /* HeadPoseService.swift in Sources */ = {isa = PBXBuildFile; fileRef = 05B4C0D02F908A100027BA91 /* HeadPoseService.swift */; };
		05B4C0D32F908B800027BA91 /* TechnicalValidation.swift in Sources */ = {isa = PBXBuildFile; fileRef = 05B4C0D22F908B800027BA91 /* TechnicalValidation.swift */; };
		05B4C0D42F908C100027BA91 /* SyncAnalysisService.swift in Sources */ = {isa = PBXBuildFile; fileRef = 05B4C0C72F9081B50027BA91 /* SyncAnalysisService.swift */; };
		05EF77662F90772500F39AF2 /* MonotonicClock.swift in Sources */ = {isa = PBXBuildFile; fileRef = 05EF77652F90772500F39AF2 /* MonotonicClock.swift */; };
		05EF77682F90775700F39AF2 /* RecordingOrchestrator.swift in Sources */ = {isa = PBXBuildFile; fileRef = 05EF77672F90775700F39AF2 /* RecordingOrchestrator.swift */; };
		4D7247BAC2C9BF14F2636C21 /* Pods_EgoCapture.framework in Frameworks */ = {isa = PBXBuildFile; fileRef = 29E02DA0D79A712E8205D5D7 /* Pods_EgoCapture.framework */; };
		AA000001 /* EgoCaptureApp.swift in Sources */ = {isa = PBXBuildFile; fileRef = AB000001 /* EgoCaptureApp.swift */; };
		AA000002 /* ContentView.swift in Sources */ = {isa = PBXBuildFile; fileRef = AB000002 /* ContentView.swift */; };
		AA000003 /* RecordingView.swift in Sources */ = {isa = PBXBuildFile; fileRef = AB000003 /* RecordingView.swift */; };
		AA000004 /* SessionListView.swift in Sources */ = {isa = PBXBuildFile; fileRef = AB000004 /* SessionListView.swift */; };
		AA000005 /* SettingsView.swift in Sources */ = {isa = PBXBuildFile; fileRef = AB000005 /* SettingsView.swift */; };
		AA000006 /* CameraPreviewView.swift in Sources */ = {isa = PBXBuildFile; fileRef = AB000006 /* CameraPreviewView.swift */; };
		AA000010 /* IMUSample.swift in Sources */ = {isa = PBXBuildFile; fileRef = AB000010 /* IMUSample.swift */; };
		AA000011 /* HeadPoseSample.swift in Sources */ = {isa = PBXBuildFile; fileRef = AB000011 /* HeadPoseSample.swift */; };
		AA000012 /* CameraCalibration.swift in Sources */ = {isa = PBXBuildFile; fileRef = AB000012 /* CameraCalibration.swift */; };
		AA000013 /* CameraMountConfig.swift in Sources */ = {isa = PBXBuildFile; fileRef = AB000013 /* CameraMountConfig.swift */; };
		AA000014 /* HandLandmarkSample.swift in Sources */ = {isa = PBXBuildFile; fileRef = AB000014 /* HandLandmarkSample.swift */; };
		AA000015 /* HandPoseSample.swift in Sources */ = {isa = PBXBuildFile; fileRef = AB000015 /* HandPoseSample.swift */; };
		AA000016 /* FacePresenceSample.swift in Sources */ = {isa = PBXBuildFile; fileRef = AB000016 /* FacePresenceSample.swift */; };
		AA000017 /* FrameQCMetrics.swift in Sources */ = {isa = PBXBuildFile; fileRef = AB000017 /* FrameQCMetrics.swift */; };
		AA000018 /* SessionMetadata.swift in Sources */ = {isa = PBXBuildFile; fileRef = AB000018 /* SessionMetadata.swift */; };
		AA000019 /* SessionManifest.swift in Sources */ = {isa = PBXBuildFile; fileRef = AB000019 /* SessionManifest.swift */; };
		AA000020 /* VideoTimestamp.swift in Sources */ = {isa = PBXBuildFile; fileRef = AB000020 /* VideoTimestamp.swift */; };
		AA000030 /* VideoCaptureService.swift in Sources */ = {isa = PBXBuildFile; fileRef = AB000030 /* VideoCaptureService.swift */; };
		AA000031 /* IMUCaptureService.swift in Sources */ = {isa = PBXBuildFile; fileRef = AB000031 /* IMUCaptureService.swift */; };
		AA000033 /* CameraCalibrationService.swift in Sources */ = {isa = PBXBuildFile; fileRef = AB000033 /* CameraCalibrationService.swift */; };
		AA000034 /* MountCalibrationService.swift in Sources */ = {isa = PBXBuildFile; fileRef = AB000034 /* MountCalibrationService.swift */; };
		AA000040 /* HandLandmarkService.swift in Sources */ = {isa = PBXBuildFile; fileRef = AB000040 /* HandLandmarkService.swift */; };
		AA000041 /* HandPoseDerivationService.swift in Sources */ = {isa = PBXBuildFile; fileRef = AB000041 /* HandPoseDerivationService.swift */; };
		AA000042 /* FacePresenceService.swift in Sources */ = {isa = PBXBuildFile; fileRef = AB000042 /* FacePresenceService.swift */; };
		AA000043 /* FrameQCService.swift in Sources */ = {isa = PBXBuildFile; fileRef = AB000043 /* FrameQCService.swift */; };
		AA000044 /* FOVEnumerationDiagnostic.swift in Sources */ = {isa = PBXBuildFile; fileRef = AB000044 /* FOVEnumerationDiagnostic.swift */; };
		AA000045 /* LensDistortionCalibration.swift in Sources */ = {isa = PBXBuildFile; fileRef = AB000045 /* LensDistortionCalibration.swift */; };
		AA000046 /* PlumbBobFitter.swift in Sources */ = {isa = PBXBuildFile; fileRef = AB000046 /* PlumbBobFitter.swift */; };
		AA000047 /* LensDistortionProbeService.swift in Sources */ = {isa = PBXBuildFile; fileRef = AB000047 /* LensDistortionProbeService.swift */; };
		AA000050 /* SessionPackagingService.swift in Sources */ = {isa = PBXBuildFile; fileRef = AB000050 /* SessionPackagingService.swift */; };
		AA000051 /* JSONLWriter.swift in Sources */ = {isa = PBXBuildFile; fileRef = AB000051 /* JSONLWriter.swift */; };
		AA000052 /* ProcessingScheduler.swift in Sources */ = {isa = PBXBuildFile; fileRef = AB000052 /* ProcessingScheduler.swift */; };
		AA000061 /* SessionManager.swift in Sources */ = {isa = PBXBuildFile; fileRef = AB000061 /* SessionManager.swift */; };
		AA000070 /* Assets.xcassets in Resources */ = {isa = PBXBuildFile; fileRef = AB000070 /* Assets.xcassets */; };
		AA000080 /* S3Config.swift in Sources */ = {isa = PBXBuildFile; fileRef = AB000088 /* S3Config.swift */; };
		AA000081 /* AWSSigner.swift in Sources */ = {isa = PBXBuildFile; fileRef = AB000081 /* AWSSigner.swift */; };
		AA000082 /* VideoChunkingService.swift in Sources */ = {isa = PBXBuildFile; fileRef = AB000082 /* VideoChunkingService.swift */; };
		AA000083 /* UploadState.swift in Sources */ = {isa = PBXBuildFile; fileRef = AB000083 /* UploadState.swift */; };
		AA000084 /* S3UploadService.swift in Sources */ = {isa = PBXBuildFile; fileRef = AB000084 /* S3UploadService.swift */; };
		AA000085 /* UploadManager.swift in Sources */ = {isa = PBXBuildFile; fileRef = AB000085 /* UploadManager.swift */; };
		AA000086 /* EmbeddedAWSCredentials.swift in Sources */ = {isa = PBXBuildFile; fileRef = AB000086 /* EmbeddedAWSCredentials.swift */; };
		AA000100 /* EmbeddedAWSSecrets.swift in Sources */ = {isa = PBXBuildFile; fileRef = AB000100 /* EmbeddedAWSSecrets.swift */; };
		AA000087 /* SessionUploadNotification.swift in Sources */ = {isa = PBXBuildFile; fileRef = AB000087 /* SessionUploadNotification.swift */; };
		AA000089 /* CampaignConfig.swift in Sources */ = {isa = PBXBuildFile; fileRef = AB000089 /* CampaignConfig.swift */; };
		AA000090 /* EGOTheme.swift in Sources */ = {isa = PBXBuildFile; fileRef = AB000090 /* EGOTheme.swift */; };
		AA000091 /* KGenEyeHomeView.swift in Sources */ = {isa = PBXBuildFile; fileRef = AB000091 /* KGenEyeHomeView.swift */; };
		AA000092 /* Orbitron.ttf in Resources */ = {isa = PBXBuildFile; fileRef = AB000092 /* Orbitron.ttf */; };
		BA100001 /* hand_landmarker.task in Resources */ = {isa = PBXBuildFile; fileRef = BA100002 /* hand_landmarker.task */; };
/* End PBXBuildFile section */

/* Begin PBXFileReference section */
		05B4C0C72F9081B50027BA91 /* SyncAnalysisService.swift */ = {isa = PBXFileReference; lastKnownFileType = sourcecode.swift; path = SyncAnalysisService.swift; sourceTree = "<group>"; };
		05B4C0CC2F90853D0027BA91 /* SessionPackagingService.swift */ = {isa = PBXFileReference; lastKnownFileType = sourcecode.swift; path = SessionPackagingService.swift; sourceTree = "<group>"; };
		05B4C0D02F908A100027BA91 /* HeadPoseService.swift */ = {isa = PBXFileReference; lastKnownFileType = sourcecode.swift; path = HeadPoseService.swift; sourceTree = "<group>"; };
		05B4C0D22F908B800027BA91 /* TechnicalValidation.swift */ = {isa = PBXFileReference; lastKnownFileType = sourcecode.swift; path = TechnicalValidation.swift; sourceTree = "<group>"; };
		05EF77652F90772500F39AF2 /* MonotonicClock.swift */ = {isa = PBXFileReference; lastKnownFileType = sourcecode.swift; path = MonotonicClock.swift; sourceTree = "<group>"; };
		05EF77672F90775700F39AF2 /* RecordingOrchestrator.swift */ = {isa = PBXFileReference; lastKnownFileType = sourcecode.swift; path = RecordingOrchestrator.swift; sourceTree = "<group>"; };
		24A51F00188F4FF26F8F610A /* Pods-EgoCapture.debug.xcconfig */ = {isa = PBXFileReference; includeInIndex = 1; lastKnownFileType = text.xcconfig; name = "Pods-EgoCapture.debug.xcconfig"; path = "Target Support Files/Pods-EgoCapture/Pods-EgoCapture.debug.xcconfig"; sourceTree = "<group>"; };
		29E02DA0D79A712E8205D5D7 /* Pods_EgoCapture.framework */ = {isa = PBXFileReference; explicitFileType = wrapper.framework; includeInIndex = 0; path = Pods_EgoCapture.framework; sourceTree = BUILT_PRODUCTS_DIR; };
		AB000001 /* EgoCaptureApp.swift */ = {isa = PBXFileReference; lastKnownFileType = sourcecode.swift; path = EgoCaptureApp.swift; sourceTree = "<group>"; };
		AB000002 /* ContentView.swift */ = {isa = PBXFileReference; lastKnownFileType = sourcecode.swift; path = ContentView.swift; sourceTree = "<group>"; };
		AB000003 /* RecordingView.swift */ = {isa = PBXFileReference; lastKnownFileType = sourcecode.swift; path = RecordingView.swift; sourceTree = "<group>"; };
		AB000004 /* SessionListView.swift */ = {isa = PBXFileReference; lastKnownFileType = sourcecode.swift; path = SessionListView.swift; sourceTree = "<group>"; };
		AB000005 /* SettingsView.swift */ = {isa = PBXFileReference; lastKnownFileType = sourcecode.swift; path = SettingsView.swift; sourceTree = "<group>"; };
		AB000006 /* CameraPreviewView.swift */ = {isa = PBXFileReference; lastKnownFileType = sourcecode.swift; path = CameraPreviewView.swift; sourceTree = "<group>"; };
		AB000010 /* IMUSample.swift */ = {isa = PBXFileReference; lastKnownFileType = sourcecode.swift; path = IMUSample.swift; sourceTree = "<group>"; };
		AB000011 /* HeadPoseSample.swift */ = {isa = PBXFileReference; lastKnownFileType = sourcecode.swift; path = HeadPoseSample.swift; sourceTree = "<group>"; };
		AB000012 /* CameraCalibration.swift */ = {isa = PBXFileReference; lastKnownFileType = sourcecode.swift; path = CameraCalibration.swift; sourceTree = "<group>"; };
		AB000013 /* CameraMountConfig.swift */ = {isa = PBXFileReference; lastKnownFileType = sourcecode.swift; path = CameraMountConfig.swift; sourceTree = "<group>"; };
		AB000014 /* HandLandmarkSample.swift */ = {isa = PBXFileReference; lastKnownFileType = sourcecode.swift; path = HandLandmarkSample.swift; sourceTree = "<group>"; };
		AB000015 /* HandPoseSample.swift */ = {isa = PBXFileReference; lastKnownFileType = sourcecode.swift; path = HandPoseSample.swift; sourceTree = "<group>"; };
		AB000016 /* FacePresenceSample.swift */ = {isa = PBXFileReference; lastKnownFileType = sourcecode.swift; path = FacePresenceSample.swift; sourceTree = "<group>"; };
		AB000017 /* FrameQCMetrics.swift */ = {isa = PBXFileReference; lastKnownFileType = sourcecode.swift; path = FrameQCMetrics.swift; sourceTree = "<group>"; };
		AB000018 /* SessionMetadata.swift */ = {isa = PBXFileReference; lastKnownFileType = sourcecode.swift; path = SessionMetadata.swift; sourceTree = "<group>"; };
		AB000019 /* SessionManifest.swift */ = {isa = PBXFileReference; lastKnownFileType = sourcecode.swift; path = SessionManifest.swift; sourceTree = "<group>"; };
		AB000020 /* VideoTimestamp.swift */ = {isa = PBXFileReference; lastKnownFileType = sourcecode.swift; path = VideoTimestamp.swift; sourceTree = "<group>"; };
		AB000030 /* VideoCaptureService.swift */ = {isa = PBXFileReference; lastKnownFileType = sourcecode.swift; path = VideoCaptureService.swift; sourceTree = "<group>"; };
		AB000031 /* IMUCaptureService.swift */ = {isa = PBXFileReference; lastKnownFileType = sourcecode.swift; path = IMUCaptureService.swift; sourceTree = "<group>"; };
		AB000033 /* CameraCalibrationService.swift */ = {isa = PBXFileReference; lastKnownFileType = sourcecode.swift; path = CameraCalibrationService.swift; sourceTree = "<group>"; };
		AB000034 /* MountCalibrationService.swift */ = {isa = PBXFileReference; lastKnownFileType = sourcecode.swift; path = MountCalibrationService.swift; sourceTree = "<group>"; };
		AB000040 /* HandLandmarkService.swift */ = {isa = PBXFileReference; lastKnownFileType = sourcecode.swift; path = HandLandmarkService.swift; sourceTree = "<group>"; };
		AB000041 /* HandPoseDerivationService.swift */ = {isa = PBXFileReference; lastKnownFileType = sourcecode.swift; path = HandPoseDerivationService.swift; sourceTree = "<group>"; };
		AB000042 /* FacePresenceService.swift */ = {isa = PBXFileReference; lastKnownFileType = sourcecode.swift; path = FacePresenceService.swift; sourceTree = "<group>"; };
		AB000043 /* FrameQCService.swift */ = {isa = PBXFileReference; lastKnownFileType = sourcecode.swift; path = FrameQCService.swift; sourceTree = "<group>"; };
		AB000044 /* FOVEnumerationDiagnostic.swift */ = {isa = PBXFileReference; lastKnownFileType = sourcecode.swift; path = FOVEnumerationDiagnostic.swift; sourceTree = "<group>"; };
		AB000045 /* LensDistortionCalibration.swift */ = {isa = PBXFileReference; lastKnownFileType = sourcecode.swift; path = LensDistortionCalibration.swift; sourceTree = "<group>"; };
		AB000046 /* PlumbBobFitter.swift */ = {isa = PBXFileReference; lastKnownFileType = sourcecode.swift; path = PlumbBobFitter.swift; sourceTree = "<group>"; };
		AB000047 /* LensDistortionProbeService.swift */ = {isa = PBXFileReference; lastKnownFileType = sourcecode.swift; path = LensDistortionProbeService.swift; sourceTree = "<group>"; };
		AB000050 /* SessionPackagingService.swift */ = {isa = PBXFileReference; lastKnownFileType = sourcecode.swift; path = SessionPackagingService.swift; sourceTree = "<group>"; };
		AB000051 /* JSONLWriter.swift */ = {isa = PBXFileReference; lastKnownFileType = sourcecode.swift; path = JSONLWriter.swift; sourceTree = "<group>"; };
		AB000052 /* ProcessingScheduler.swift */ = {isa = PBXFileReference; lastKnownFileType = sourcecode.swift; path = ProcessingScheduler.swift; sourceTree = "<group>"; };
		AB000061 /* SessionManager.swift */ = {isa = PBXFileReference; lastKnownFileType = sourcecode.swift; path = SessionManager.swift; sourceTree = "<group>"; };
		AB000070 /* Assets.xcassets */ = {isa = PBXFileReference; lastKnownFileType = folder.assetcatalog; path = Assets.xcassets; sourceTree = "<group>"; };
		AB000080 /* Info.plist */ = {isa = PBXFileReference; lastKnownFileType = text.plist.xml; path = Info.plist; sourceTree = "<group>"; };
		AB000081 /* AWSSigner.swift */ = {isa = PBXFileReference; lastKnownFileType = sourcecode.swift; path = AWSSigner.swift; sourceTree = "<group>"; };
		AB000082 /* VideoChunkingService.swift */ = {isa = PBXFileReference; lastKnownFileType = sourcecode.swift; path = VideoChunkingService.swift; sourceTree = "<group>"; };
		AB000083 /* UploadState.swift */ = {isa = PBXFileReference; lastKnownFileType = sourcecode.swift; path = UploadState.swift; sourceTree = "<group>"; };
		AB000084 /* S3UploadService.swift */ = {isa = PBXFileReference; lastKnownFileType = sourcecode.swift; path = S3UploadService.swift; sourceTree = "<group>"; };
		AB000085 /* UploadManager.swift */ = {isa = PBXFileReference; lastKnownFileType = sourcecode.swift; path = UploadManager.swift; sourceTree = "<group>"; };
		AB000086 /* EmbeddedAWSCredentials.swift */ = {isa = PBXFileReference; lastKnownFileType = sourcecode.swift; path = EmbeddedAWSCredentials.swift; sourceTree = "<group>"; };
		AB000100 /* EmbeddedAWSSecrets.swift */ = {isa = PBXFileReference; lastKnownFileType = sourcecode.swift; path = EmbeddedAWSSecrets.swift; sourceTree = "<group>"; };
		AB000087 /* SessionUploadNotification.swift */ = {isa = PBXFileReference; lastKnownFileType = sourcecode.swift; path = SessionUploadNotification.swift; sourceTree = "<group>"; };
		AB000088 /* S3Config.swift */ = {isa = PBXFileReference; lastKnownFileType = sourcecode.swift; path = S3Config.swift; sourceTree = "<group>"; };
		AB000089 /* CampaignConfig.swift */ = {isa = PBXFileReference; lastKnownFileType = sourcecode.swift; path = CampaignConfig.swift; sourceTree = "<group>"; };
		AB000090 /* EGOTheme.swift */ = {isa = PBXFileReference; lastKnownFileType = sourcecode.swift; path = EGOTheme.swift; sourceTree = "<group>"; };
		AB000091 /* KGenEyeHomeView.swift */ = {isa = PBXFileReference; lastKnownFileType = sourcecode.swift; path = KGenEyeHomeView.swift; sourceTree = "<group>"; };
		AB000092 /* Orbitron.ttf */ = {isa = PBXFileReference; lastKnownFileType = file; path = Resources/Fonts/Orbitron.ttf; sourceTree = "<group>"; };
		AC000001 /* EgoCapture.app */ = {isa = PBXFileReference; explicitFileType = wrapper.application; includeInIndex = 0; path = EgoCapture.app; sourceTree = BUILT_PRODUCTS_DIR; };
		BA100002 /* hand_landmarker.task */ = {isa = PBXFileReference; lastKnownFileType = file; path = hand_landmarker.task; sourceTree = "<group>"; };
		EFFC6E6639E6CD6374415719 /* Pods-EgoCapture.release.xcconfig */ = {isa = PBXFileReference; includeInIndex = 1; lastKnownFileType = text.xcconfig; name = "Pods-EgoCapture.release.xcconfig"; path = "Target Support Files/Pods-EgoCapture/Pods-EgoCapture.release.xcconfig"; sourceTree = "<group>"; };
/* End PBXFileReference section */

/* Begin PBXFrameworksBuildPhase section */
		AD000001 /* Frameworks */ = {
			isa = PBXFrameworksBuildPhase;
			buildActionMask = 2147483647;
			files = (
				4D7247BAC2C9BF14F2636C21 /* Pods_EgoCapture.framework in Frameworks */,
			);
			runOnlyForDeploymentPostprocessing = 0;
		};
/* End PBXFrameworksBuildPhase section */

/* Begin PBXGroup section */
		19EB059F2692DF52D22C9275 /* Pods */ = {
			isa = PBXGroup;
			children = (
				24A51F00188F4FF26F8F610A /* Pods-EgoCapture.debug.xcconfig */,
				EFFC6E6639E6CD6374415719 /* Pods-EgoCapture.release.xcconfig */,
			);
			path = Pods;
			sourceTree = "<group>";
		};
		AE000001 = {
			isa = PBXGroup;
			children = (
				AE000002 /* EgoCapture */,
				AE000099 /* Products */,
				19EB059F2692DF52D22C9275 /* Pods */,
				AFBD4B5B41D60A4323F9A926 /* Frameworks */,
			);
			sourceTree = "<group>";
		};
		AE000002 /* EgoCapture */ = {
			isa = PBXGroup;
			children = (
				AB000001 /* EgoCaptureApp.swift */,
				AB000061 /* SessionManager.swift */,
				AE000003 /* Models */,
				AE000004 /* Services */,
				AE000007 /* Views */,
				AE000008 /* Utils */,
				AB000070 /* Assets.xcassets */,
				AB000092 /* Orbitron.ttf */,
				BA100002 /* hand_landmarker.task */,
				AB000080 /* Info.plist */,
			);
			path = EgoCapture;
			sourceTree = "<group>";
		};
		AE000003 /* Models */ = {
			isa = PBXGroup;
			children = (
				AB000010 /* IMUSample.swift */,
				AB000011 /* HeadPoseSample.swift */,
				AB000012 /* CameraCalibration.swift */,
				AB000013 /* CameraMountConfig.swift */,
				AB000014 /* HandLandmarkSample.swift */,
				AB000015 /* HandPoseSample.swift */,
				AB000016 /* FacePresenceSample.swift */,
				AB000017 /* FrameQCMetrics.swift */,
				05B4C0D22F908B800027BA91 /* TechnicalValidation.swift */,
				AB000018 /* SessionMetadata.swift */,
				AB000019 /* SessionManifest.swift */,
				AB000020 /* VideoTimestamp.swift */,
				AB000045 /* LensDistortionCalibration.swift */,
			);
			path = Models;
			sourceTree = "<group>";
		};
		AE000004 /* Services */ = {
			isa = PBXGroup;
			children = (
				AE000005 /* Capture */,
				AE000006 /* Vision */,
				AE000011 /* Diagnostics */,
				AE000009 /* Packaging */,
				AE000010 /* Upload */,
			);
			path = Services;
			sourceTree = "<group>";
		};
		AE000005 /* Capture */ = {
			isa = PBXGroup;
			children = (
				AB000030 /* VideoCaptureService.swift */,
				AB000031 /* IMUCaptureService.swift */,
				05EF77672F90775700F39AF2 /* RecordingOrchestrator.swift */,
				05B4C0CC2F90853D0027BA91 /* SessionPackagingService.swift */,
				05B4C0C72F9081B50027BA91 /* SyncAnalysisService.swift */,
				05B4C0D02F908A100027BA91 /* HeadPoseService.swift */,
				AB000033 /* CameraCalibrationService.swift */,
				AB000034 /* MountCalibrationService.swift */,
				AB000046 /* PlumbBobFitter.swift */,
				AB000047 /* LensDistortionProbeService.swift */,
			);
			path = Capture;
			sourceTree = "<group>";
		};
		AE000006 /* Vision */ = {
			isa = PBXGroup;
			children = (
				AB000040 /* HandLandmarkService.swift */,
				AB000041 /* HandPoseDerivationService.swift */,
				AB000042 /* FacePresenceService.swift */,
				AB000043 /* FrameQCService.swift */,
			);
			path = Vision;
			sourceTree = "<group>";
		};
		AE000007 /* Views */ = {
			isa = PBXGroup;
			children = (
				AB000090 /* EGOTheme.swift */,
				AB000002 /* ContentView.swift */,
				AB000003 /* RecordingView.swift */,
				AB000004 /* SessionListView.swift */,
				AB000005 /* SettingsView.swift */,
				AB000006 /* CameraPreviewView.swift */,
				AB000091 /* KGenEyeHomeView.swift */,
			);
			path = Views;
			sourceTree = "<group>";
		};
		AE000008 /* Utils */ = {
			isa = PBXGroup;
			children = (
				05EF77652F90772500F39AF2 /* MonotonicClock.swift */,
				AB000051 /* JSONLWriter.swift */,
				AB000052 /* ProcessingScheduler.swift */,
			);
			path = Utils;
			sourceTree = "<group>";
		};
		AE000009 /* Packaging */ = {
			isa = PBXGroup;
			children = (
				AB000050 /* SessionPackagingService.swift */,
			);
			path = Packaging;
			sourceTree = "<group>";
		};
		AE000010 /* Upload */ = {
			isa = PBXGroup;
			children = (
				AB000088 /* S3Config.swift */,
				AB000081 /* AWSSigner.swift */,
				AB000082 /* VideoChunkingService.swift */,
				AB000083 /* UploadState.swift */,
				AB000084 /* S3UploadService.swift */,
				AB000085 /* UploadManager.swift */,
				AB000086 /* EmbeddedAWSCredentials.swift */,
				AB000100 /* EmbeddedAWSSecrets.swift */,
				AB000089 /* CampaignConfig.swift */,
				AB000087 /* SessionUploadNotification.swift */,
			);
			path = Upload;
			sourceTree = "<group>";
		};
		AE000011 /* Diagnostics */ = {
			isa = PBXGroup;
			children = (
				AB000044 /* FOVEnumerationDiagnostic.swift */,
			);
			path = Diagnostics;
			sourceTree = "<group>";
		};
		AE000099 /* Products */ = {
			isa = PBXGroup;
			children = (
				AC000001 /* EgoCapture.app */,
			);
			name = Products;
			sourceTree = "<group>";
		};
		AFBD4B5B41D60A4323F9A926 /* Frameworks */ = {
			isa = PBXGroup;
			children = (
				29E02DA0D79A712E8205D5D7 /* Pods_EgoCapture.framework */,
			);
			name = Frameworks;
			sourceTree = "<group>";
		};
/* End PBXGroup section */

/* Begin PBXNativeTarget section */
		AF000001 /* EgoCapture */ = {
			isa = PBXNativeTarget;
			buildConfigurationList = AG000003 /* Build configuration list for PBXNativeTarget "EgoCapture" */;
			buildPhases = (
				5B88359D386C8BD03A888AC7 /* [CP] Check Pods Manifest.lock */,
				B1C2D3E4F5A60718293A4B5C /* [CP] Copy XCFrameworks (MediaPipeTasksCommon) */,
				C2D3E4F5A60718293A4B5C6D /* [CP] Copy XCFrameworks (MediaPipeTasksVision) */,
				AF000002 /* Sources */,
				AD000001 /* Frameworks */,
				AF000003 /* Resources */,
			);
			buildRules = (
			);
			dependencies = (
			);
			name = EgoCapture;
			productName = EgoCapture;
			productReference = AC000001 /* EgoCapture.app */;
			productType = "com.apple.product-type.application";
		};
/* End PBXNativeTarget section */

/* Begin PBXProject section */
		AH000001 /* Project object */ = {
			isa = PBXProject;
			attributes = {
				BuildIndependentTargetsInParallel = 1;
				LastSwiftUpdateCheck = 1520;
				LastUpgradeCheck = 2640;
				TargetAttributes = {
					AF000001 = {
						CreatedOnToolsVersion = 15.2;
					};
				};
			};
			buildConfigurationList = AG000001 /* Build configuration list for PBXProject "EgoCapture" */;
			compatibilityVersion = "Xcode 14.0";
			developmentRegion = en;
			hasScannedForEncodings = 0;
			knownRegions = (
				en,
				Base,
			);
			mainGroup = AE000001;
			productRefGroup = AE000099 /* Products */;
			projectDirPath = "";
			projectRoot = "";
			targets = (
				AF000001 /* EgoCapture */,
			);
		};
/* End PBXProject section */

/* Begin PBXResourcesBuildPhase section */
		AF000003 /* Resources */ = {
			isa = PBXResourcesBuildPhase;
			buildActionMask = 2147483647;
			files = (
				AA000070 /* Assets.xcassets in Resources */,
				AA000092 /* Orbitron.ttf in Resources */,
				BA100001 /* hand_landmarker.task in Resources */,
			);
			runOnlyForDeploymentPostprocessing = 0;
		};
/* End PBXResourcesBuildPhase section */

/* Begin PBXShellScriptBuildPhase section */
		5B88359D386C8BD03A888AC7 /* [CP] Check Pods Manifest.lock */ = {
			isa = PBXShellScriptBuildPhase;
			buildActionMask = 2147483647;
			files = (
			);
			inputFileListPaths = (
			);
			inputPaths = (
				"${PODS_PODFILE_DIR_PATH}/Podfile.lock",
				"${PODS_ROOT}/Manifest.lock",
			);
			name = "[CP] Check Pods Manifest.lock";
			outputFileListPaths = (
			);
			outputPaths = (
				"$(DERIVED_FILE_DIR)/Pods-EgoCapture-checkManifestLockResult.txt",
			);
			runOnlyForDeploymentPostprocessing = 0;
			shellPath = /bin/sh;
			shellScript = "diff \"${PODS_PODFILE_DIR_PATH}/Podfile.lock\" \"${PODS_ROOT}/Manifest.lock\" > /dev/null\nif [ $? != 0 ] ; then\n    # print error to STDERR\n    echo \"error: The sandbox is not in sync with the Podfile.lock. Run 'pod install' or update your CocoaPods installation.\" >&2\n    exit 1\nfi\n# This output is used by Xcode 'outputs' to avoid re-running this script phase.\necho \"SUCCESS\" > \"${SCRIPT_OUTPUT_FILE_0}\"\n";
			showEnvVarsInLog = 0;
		};
		B1C2D3E4F5A60718293A4B5C /* [CP] Copy XCFrameworks (MediaPipeTasksCommon) */ = {
			isa = PBXShellScriptBuildPhase;
			buildActionMask = 2147483647;
			files = (
			);
			inputFileListPaths = (
			);
			inputPaths = (
			);
			name = "[CP] Copy XCFrameworks (MediaPipeTasksCommon)";
			outputFileListPaths = (
			);
			outputPaths = (
			);
			runOnlyForDeploymentPostprocessing = 0;
			shellPath = /bin/sh;
			shellScript = "\"${PODS_ROOT}/Target Support Files/MediaPipeTasksCommon/MediaPipeTasksCommon-xcframeworks.sh\"\n";
			showEnvVarsInLog = 0;
		};
		C2D3E4F5A60718293A4B5C6D /* [CP] Copy XCFrameworks (MediaPipeTasksVision) */ = {
			isa = PBXShellScriptBuildPhase;
			buildActionMask = 2147483647;
			files = (
			);
			inputFileListPaths = (
			);
			inputPaths = (
			);
			name = "[CP] Copy XCFrameworks (MediaPipeTasksVision)";
			outputFileListPaths = (
			);
			outputPaths = (
			);
			runOnlyForDeploymentPostprocessing = 0;
			shellPath = /bin/sh;
			shellScript = "\"${PODS_ROOT}/Target Support Files/MediaPipeTasksVision/MediaPipeTasksVision-xcframeworks.sh\"\n";
			showEnvVarsInLog = 0;
		};
/* End PBXShellScriptBuildPhase section */

/* Begin PBXSourcesBuildPhase section */
		AF000002 /* Sources */ = {
			isa = PBXSourcesBuildPhase;
			buildActionMask = 2147483647;
			files = (
				05B4C0D42F908C100027BA91 /* SyncAnalysisService.swift in Sources */,
				AA000001 /* EgoCaptureApp.swift in Sources */,
				AA000090 /* EGOTheme.swift in Sources */,
				AA000091 /* KGenEyeHomeView.swift in Sources */,
				AA000002 /* ContentView.swift in Sources */,
				AA000003 /* RecordingView.swift in Sources */,
				AA000004 /* SessionListView.swift in Sources */,
				AA000005 /* SettingsView.swift in Sources */,
				AA000006 /* CameraPreviewView.swift in Sources */,
				AA000080 /* S3Config.swift in Sources */,
				AA000081 /* AWSSigner.swift in Sources */,
				AA000082 /* VideoChunkingService.swift in Sources */,
				AA000083 /* UploadState.swift in Sources */,
				AA000084 /* S3UploadService.swift in Sources */,
				AA000085 /* UploadManager.swift in Sources */,
				AA000086 /* EmbeddedAWSCredentials.swift in Sources */,
				AA000100 /* EmbeddedAWSSecrets.swift in Sources */,
				AA000089 /* CampaignConfig.swift in Sources */,
				AA000087 /* SessionUploadNotification.swift in Sources */,
				AA000010 /* IMUSample.swift in Sources */,
				AA000011 /* HeadPoseSample.swift in Sources */,
				AA000012 /* CameraCalibration.swift in Sources */,
				AA000013 /* CameraMountConfig.swift in Sources */,
				AA000014 /* HandLandmarkSample.swift in Sources */,
				AA000015 /* HandPoseSample.swift in Sources */,
				AA000016 /* FacePresenceSample.swift in Sources */,
				AA000017 /* FrameQCMetrics.swift in Sources */,
				AA000018 /* SessionMetadata.swift in Sources */,
				05EF77662F90772500F39AF2 /* MonotonicClock.swift in Sources */,
				AA000019 /* SessionManifest.swift in Sources */,
				AA000020 /* VideoTimestamp.swift in Sources */,
				05B4C0D12F908A100027BA91 /* HeadPoseService.swift in Sources */,
				05EF77682F90775700F39AF2 /* RecordingOrchestrator.swift in Sources */,
				AA000030 /* VideoCaptureService.swift in Sources */,
				AA000031 /* IMUCaptureService.swift in Sources */,
				AA000033 /* CameraCalibrationService.swift in Sources */,
				05B4C0D32F908B800027BA91 /* TechnicalValidation.swift in Sources */,
				AA000034 /* MountCalibrationService.swift in Sources */,
				AA000044 /* FOVEnumerationDiagnostic.swift in Sources */,
				AA000045 /* LensDistortionCalibration.swift in Sources */,
				AA000046 /* PlumbBobFitter.swift in Sources */,
				AA000047 /* LensDistortionProbeService.swift in Sources */,
				AA000040 /* HandLandmarkService.swift in Sources */,
				AA000041 /* HandPoseDerivationService.swift in Sources */,
				AA000042 /* FacePresenceService.swift in Sources */,
				AA000043 /* FrameQCService.swift in Sources */,
				AA000050 /* SessionPackagingService.swift in Sources */,
				AA000051 /* JSONLWriter.swift in Sources */,
				AA000052 /* ProcessingScheduler.swift in Sources */,
				AA000061 /* SessionManager.swift in Sources */,
			);
			runOnlyForDeploymentPostprocessing = 0;
		};
/* End PBXSourcesBuildPhase section */

/* Begin XCBuildConfiguration section */
		AG000010 /* Debug */ = {
			isa = XCBuildConfiguration;
			buildSettings = {
				ALWAYS_SEARCH_USER_PATHS = NO;
				ASSETCATALOG_COMPILER_GENERATE_SWIFT_ASSET_SYMBOL_EXTENSIONS = YES;
				CLANG_ANALYZER_NONNULL = YES;
				CLANG_CXX_LANGUAGE_STANDARD = "gnu++20";
				CLANG_ENABLE_MODULES = YES;
				CLANG_ENABLE_OBJC_ARC = YES;
				CLANG_WARN_BLOCK_CAPTURE_AUTORELEASING = YES;
				CLANG_WARN_BOOL_CONVERSION = YES;
				CLANG_WARN_COMMA = YES;
				CLANG_WARN_CONSTANT_CONVERSION = YES;
				CLANG_WARN_DEPRECATED_OBJC_IMPLEMENTATIONS = YES;
				CLANG_WARN_EMPTY_BODY = YES;
				CLANG_WARN_ENUM_CONVERSION = YES;
				CLANG_WARN_INFINITE_RECURSION = YES;
				CLANG_WARN_INT_CONVERSION = YES;
				CLANG_WARN_NON_LITERAL_NULL_CONVERSION = YES;
				CLANG_WARN_OBJC_IMPLICIT_RETAIN_SELF = YES;
				CLANG_WARN_OBJC_LITERAL_CONVERSION = YES;
				CLANG_WARN_QUOTED_INCLUDE_IN_FRAMEWORK_HEADER = YES;
				CLANG_WARN_RANGE_LOOP_ANALYSIS = YES;
				CLANG_WARN_STRICT_PROTOTYPES = YES;
				CLANG_WARN_SUSPICIOUS_MOVE = YES;
				CLANG_WARN_UNREACHABLE_CODE = YES;
				CLANG_WARN__DUPLICATE_METHOD_MATCH = YES;
				COPY_PHASE_STRIP = NO;
				DEBUG_INFORMATION_FORMAT = dwarf;
				DEVELOPMENT_TEAM = XK9N3ZV2U7;
				ENABLE_STRICT_OBJC_MSGSEND = YES;
				ENABLE_TESTABILITY = YES;
				ENABLE_USER_SCRIPT_SANDBOXING = NO;
				GCC_DYNAMIC_NO_PIC = NO;
				GCC_NO_COMMON_BLOCKS = YES;
				GCC_OPTIMIZATION_LEVEL = 0;
				GCC_PREPROCESSOR_DEFINITIONS = (
					"DEBUG=1",
					"$(inherited)",
				);
				GCC_WARN_64_TO_32_BIT_CONVERSION = YES;
				GCC_WARN_ABOUT_RETURN_TYPE = YES_ERROR;
				GCC_WARN_UNDECLARED_SELECTOR = YES;
				GCC_WARN_UNINITIALIZED_AUTOS = YES_AGGRESSIVE;
				GCC_WARN_UNUSED_FUNCTION = YES;
				GCC_WARN_UNUSED_VARIABLE = YES;
				IPHONEOS_DEPLOYMENT_TARGET = 17.0;
				MTL_ENABLE_DEBUG_INFO = INCLUDE_SOURCE;
				ONLY_ACTIVE_ARCH = YES;
				SDKROOT = iphoneos;
				STRING_CATALOG_GENERATE_SYMBOLS = YES;
				SWIFT_ACTIVE_COMPILATION_CONDITIONS = "$(inherited) DEBUG";
				SWIFT_OPTIMIZATION_LEVEL = "-Onone";
			};
			name = Debug;
		};
		AG000011 /* Release */ = {
			isa = XCBuildConfiguration;
			buildSettings = {
				ALWAYS_SEARCH_USER_PATHS = NO;
				ASSETCATALOG_COMPILER_GENERATE_SWIFT_ASSET_SYMBOL_EXTENSIONS = YES;
				CLANG_ANALYZER_NONNULL = YES;
				CLANG_CXX_LANGUAGE_STANDARD = "gnu++20";
				CLANG_ENABLE_MODULES = YES;
				CLANG_ENABLE_OBJC_ARC = YES;
				CLANG_WARN_BLOCK_CAPTURE_AUTORELEASING = YES;
				CLANG_WARN_BOOL_CONVERSION = YES;
				CLANG_WARN_COMMA = YES;
				CLANG_WARN_CONSTANT_CONVERSION = YES;
				CLANG_WARN_DEPRECATED_OBJC_IMPLEMENTATIONS = YES;
				CLANG_WARN_EMPTY_BODY = YES;
				CLANG_WARN_ENUM_CONVERSION = YES;
				CLANG_WARN_INFINITE_RECURSION = YES;
				CLANG_WARN_INT_CONVERSION = YES;
				CLANG_WARN_NON_LITERAL_NULL_CONVERSION = YES;
				CLANG_WARN_OBJC_IMPLICIT_RETAIN_SELF = YES;
				CLANG_WARN_OBJC_LITERAL_CONVERSION = YES;
				CLANG_WARN_QUOTED_INCLUDE_IN_FRAMEWORK_HEADER = YES;
				CLANG_WARN_RANGE_LOOP_ANALYSIS = YES;
				CLANG_WARN_STRICT_PROTOTYPES = YES;
				CLANG_WARN_SUSPICIOUS_MOVE = YES;
				CLANG_WARN_UNREACHABLE_CODE = YES;
				CLANG_WARN__DUPLICATE_METHOD_MATCH = YES;
				COPY_PHASE_STRIP = NO;
				DEBUG_INFORMATION_FORMAT = "dwarf-with-dsym";
				DEVELOPMENT_TEAM = XK9N3ZV2U7;
				ENABLE_NS_ASSERTIONS = NO;
				ENABLE_STRICT_OBJC_MSGSEND = YES;
				ENABLE_USER_SCRIPT_SANDBOXING = NO;
				GCC_NO_COMMON_BLOCKS = YES;
				GCC_WARN_64_TO_32_BIT_CONVERSION = YES;
				GCC_WARN_ABOUT_RETURN_TYPE = YES_ERROR;
				GCC_WARN_UNDECLARED_SELECTOR = YES;
				GCC_WARN_UNINITIALIZED_AUTOS = YES_AGGRESSIVE;
				GCC_WARN_UNUSED_FUNCTION = YES;
				GCC_WARN_UNUSED_VARIABLE = YES;
				IPHONEOS_DEPLOYMENT_TARGET = 17.0;
				SDKROOT = iphoneos;
				STRING_CATALOG_GENERATE_SYMBOLS = YES;
				SWIFT_COMPILATION_MODE = wholemodule;
				VALIDATE_PRODUCT = YES;
			};
			name = Release;
		};
		AG000020 /* Debug */ = {
			isa = XCBuildConfiguration;
			baseConfigurationReference = 24A51F00188F4FF26F8F610A /* Pods-EgoCapture.debug.xcconfig */;
			buildSettings = {
				ASSETCATALOG_COMPILER_APPICON_NAME = AppIcon;
				CODE_SIGN_STYLE = Automatic;
				CURRENT_PROJECT_VERSION = 4;
				GENERATE_INFOPLIST_FILE = NO;
				INFOPLIST_FILE = EgoCapture/Info.plist;
				INFOPLIST_KEY_LSApplicationCategoryType = "public.app-category.productivity";
				INFOPLIST_KEY_UIApplicationSceneManifest_Generation = YES;
				INFOPLIST_KEY_UIApplicationSupportsIndirectInputEvents = YES;
				INFOPLIST_KEY_UILaunchScreen_Generation = YES;
				INFOPLIST_KEY_UISupportedInterfaceOrientations = "UIInterfaceOrientationPortrait UIInterfaceOrientationLandscapeLeft UIInterfaceOrientationLandscapeRight";
				INFOPLIST_KEY_UISupportedInterfaceOrientations_iPad = "UIInterfaceOrientationPortrait UIInterfaceOrientationPortraitUpsideDown UIInterfaceOrientationLandscapeLeft UIInterfaceOrientationLandscapeRight";
				LD_RUNPATH_SEARCH_PATHS = (
					"$(inherited)",
					"@executable_path/Frameworks",
				);
				MARKETING_VERSION = 1.0;
				PRODUCT_BUNDLE_IDENTIFIER = com.kgeneye.com;
				PRODUCT_NAME = "$(TARGET_NAME)";
				SWIFT_EMIT_LOC_STRINGS = YES;
				SWIFT_VERSION = 5.0;
				TARGETED_DEVICE_FAMILY = 1;
			};
			name = Debug;
		};
		AG000021 /* Release */ = {
			isa = XCBuildConfiguration;
			baseConfigurationReference = EFFC6E6639E6CD6374415719 /* Pods-EgoCapture.release.xcconfig */;
			buildSettings = {
				ASSETCATALOG_COMPILER_APPICON_NAME = AppIcon;
				CODE_SIGN_STYLE = Automatic;
				CURRENT_PROJECT_VERSION = 4;
				GENERATE_INFOPLIST_FILE = NO;
				INFOPLIST_FILE = EgoCapture/Info.plist;
				INFOPLIST_KEY_LSApplicationCategoryType = "public.app-category.productivity";
				INFOPLIST_KEY_UIApplicationSceneManifest_Generation = YES;
				INFOPLIST_KEY_UIApplicationSupportsIndirectInputEvents = YES;
				INFOPLIST_KEY_UILaunchScreen_Generation = YES;
				INFOPLIST_KEY_UISupportedInterfaceOrientations = "UIInterfaceOrientationPortrait UIInterfaceOrientationLandscapeLeft UIInterfaceOrientationLandscapeRight";
				INFOPLIST_KEY_UISupportedInterfaceOrientations_iPad = "UIInterfaceOrientationPortrait UIInterfaceOrientationPortraitUpsideDown UIInterfaceOrientationLandscapeLeft UIInterfaceOrientationLandscapeRight";
				LD_RUNPATH_SEARCH_PATHS = (
					"$(inherited)",
					"@executable_path/Frameworks",
				);
				MARKETING_VERSION = 1.0;
				PRODUCT_BUNDLE_IDENTIFIER = com.kgeneye.com;
				PRODUCT_NAME = "$(TARGET_NAME)";
				SWIFT_EMIT_LOC_STRINGS = YES;
				SWIFT_VERSION = 5.0;
				TARGETED_DEVICE_FAMILY = 1;
			};
			name = Release;
		};
/* End XCBuildConfiguration section */

/* Begin XCConfigurationList section */
		AG000001 /* Build configuration list for PBXProject "EgoCapture" */ = {
			isa = XCConfigurationList;
			buildConfigurations = (
				AG000010 /* Debug */,
				AG000011 /* Release */,
			);
			defaultConfigurationIsVisible = 0;
			defaultConfigurationName = Release;
		};
		AG000003 /* Build configuration list for PBXNativeTarget "EgoCapture" */ = {
			isa = XCConfigurationList;
			buildConfigurations = (
				AG000020 /* Debug */,
				AG000021 /* Release */,
			);
			defaultConfigurationIsVisible = 0;
			defaultConfigurationName = Release;
		};
/* End XCConfigurationList section */
	};
	rootObject = AH000001 /* Project object */;
}
